{
    "_meta": {
        "hash": {
            "sha256": "37e2c2c4b0f84abaed76f90ef390f5f9f8f9f2491cbd7c5e11b31347ebbd618d"
        },
        "pipfile-spec": 6,
        "requires": {
            "python_version": "3.14"
        },
        "sources": [
            {
                "name": "pypi",
                "url": "https://pypi.org/simple",
                "verify_ssl": true
            }
        ]
    },
    "default": {
        "mysql-connector-python": {
            "hashes": [
                "sha256:109a9d3d4579f63e587816fc1e3105a464ac52ac7578aaff16980a3d341a98b1",
                "sha256:227063e73c3d7b0326bc6ce9af47b8aa081e53a4e97e8683bba658569cb57271",
                "sha256:27c9808be25cd6f0b173f3894407635764db01db039b8904f9b566f7d1795bcc",
                "sha256:2be2f5b8ffc66bac305afee970256e74b2bc1d072cd0d21a277af3c9ff5fcb1d",
                "sha256:2fd56a86f316e676c4cafa16fe6149a08d8dd4f071f8b4aa298f5968b6eb1cbf",
                "sha256:32f63bbf069b242921c13de05e56857625e167d64fc7fa4f15e05478d78c56fe",
                "sha256:375f9a042398e515a670003f26ab07e9b2ecaecba6eaf678f66fb5c2d36bd305",
                "sha256:3a04431d85e96626b51417e855da131da815395080cf3acc805113181d679648",
                "sha256:43ee453b53556f690e4f4b795d3f17a1c6d4b45f729657bb0d999c8dfc9261d5",
                "sha256:55565516053e46a7a49cdd3a61f6fe3e5651747522597f5500de3e0655fd70d6",
                "sha256:638be8882de1ab4dd982a9db56afaa9e357468c7c5be9e20bd5e972ed4d68db2",
                "sha256:6e2d06c653c7f18ae91c5899e62210565660c871941769b1725c8dfa98da66b8",
                "sha256:76cffea9fc0cd9d4d5c79935a18342d9680f2c0dc0d5675b966b3df06229f238",
                "sha256:99678b137b28b277c7639e6e6660159c8dc15113107ad881a2f498652540856f",
                "sha256:9b63672cc381f097966faecd6940beb2a91f9efdf674a5807dc45f4efdb42e62",
                "sha256:9f8fde7f909891bc5093f63e3b78a8f80b637591d8f77591a758cf78541325b8",
                "sha256:9fee7cfbdaa8ed295e05b0c66778760cdc8705b1edbbd1963da87a04c22fb6b1",
                "sha256:a4eac2b4bcbf18fbaab736b5c3996425728472fea7b3d71a8c7056aa6349471f",
                "sha256:a86c988f033d3e116c5d326931aabae340ebef0425399bcd5f076af877ae0fbc",
                "sha256:b2f8807746caa58c52d522d0e2f8c889f9bac47a096b2f5d0abed88c31c594e7",
                "sha256:c02cc3d5e4763ddc960fce521bd353b242cfec4c6a936234916f2597bfd656cd",
                "sha256:d8ff5ee236ea46661ee639336323e124ed868e37f3ea991bdc5de5a146f39fd5",
                "sha256:e118030bdd6a9882f5aa80a0c0c88d684d0e82d78747e5baf3c3e54a5a2d1348",
                "sha256:ec8fe2f5af701d3146a6e31ef2fce293f2418c148a99df7c9917f87cfcdaea93",
                "sha256:f8d6eaf6f37d146573afe458ae40ea48a679293da2c17cf34e65976eaab7b64c",
                "sha256:fd10764bd6dadb0ad44475126a87d184dac519712874459ab5f3976c23314f22"
            ],
            "index": "pypi",
            "markers": "python_version >= '3.10'",
            "version": "==26.7.0"
        },
        "python-dotenv": {
            "hashes": [
                "sha256:904552145e8bfed22162c09dab1c2b9b54fefa7b23ba780f4f26ca0316b0f0d9",
                "sha256:a20a594dabeaa385725aa239d5244871c143ecb356add8a20fcf23773a6c3a35"
            ],
            "index": "pypi",
            "markers": "python_version >= '3.10'",
            "version": "==1.2.3"
        }
    },
    "develop": {}
}
